
Microsoft Visual Studio Solution File, Format Version 12.00
# Visual Studio Version 17
VisualStudioVersion = 17.11.35327.3
MinimumVisualStudioVersion = 10.0.40219.1
Project("{FAE04EC0-301F-11D3-BF4B-00C04F79EFBC}") = "DataLayer", "DataLayer\DataLayer.csproj", "{5831C82F-D32B-40B4-9EC1-4314371A1EC0}"
EndProject
Project("{FAE04EC0-301F-11D3-BF4B-00C04F79EFBC}") = "BusinessLayer", "BusinessLayer\BusinessLayer.csproj", "{648AEC3C-EF6F-4C73-AD25-C84450DEA4EE}"
EndProject
Project("{FAE04EC0-301F-11D3-BF4B-00C04F79EFBC}") = "QuanLyNhanSu", "QuanLyNhanSu\QuanLyNhanSu.csproj", "{2975A8E2-57F6-4B37-8FA3-71CEBB210555}"
EndProject
Global
	GlobalSection(SolutionConfigurationPlatforms) = preSolution
		Debug|Any CPU = Debug|Any CPU
		Release|Any CPU = Release|Any CPU
	EndGlobalSection
	GlobalSection(ProjectConfigurationPlatforms) = postSolution
		{5831C82F-D32B-40B4-9EC1-4314371A1EC0}.Debug|Any CPU.ActiveCfg = Debug|Any CPU
		{5831C82F-D32B-40B4-9EC1-4314371A1EC0}.Debug|Any CPU.Build.0 = Debug|Any CPU
		{5831C82F-D32B-40B4-9EC1-4314371A1EC0}.Release|Any CPU.ActiveCfg = Release|Any CPU
		{5831C82F-D32B-40B4-9EC1-4314371A1EC0}.Release|Any CPU.Build.0 = Release|Any CPU
		{648AEC3C-EF6F-4C73-AD25-C84450DEA4EE}.Debug|Any CPU.ActiveCfg = Debug|Any CPU
		{648AEC3C-EF6F-4C73-AD25-C84450DEA4EE}.Debug|Any CPU.Build.0 = Debug|Any CPU
		{648AEC3C-EF6F-4C73-AD25-C84450DEA4EE}.Release|Any CPU.ActiveCfg = Release|Any CPU
		{648AEC3C-EF6F-4C73-AD25-C84450DEA4EE}.Release|Any CPU.Build.0 = Release|Any CPU
		{2975A8E2-57F6-4B37-8FA3-71CEBB210555}.Debug|Any CPU.ActiveCfg = Debug|Any CPU
		{2975A8E2-57F6-4B37-8FA3-71CEBB210555}.Debug|Any CPU.Build.0 = Debug|Any CPU
		{2975A8E2-57F6-4B37-8FA3-71CEBB210555}.Release|Any CPU.ActiveCfg = Release|Any CPU
		{2975A8E2-57F6-4B37-8FA3-71CEBB210555}.Release|Any CPU.Build.0 = Release|Any CPU
	EndGlobalSection
	GlobalSection(SolutionProperties) = preSolution
		HideSolutionNode = FALSE
	EndGlobalSection
	GlobalSection(ExtensibilityGlobals) = postSolution
		SolutionGuid = {422B4114-6EE2-4254-A0B5-1A91EABE0452}
	EndGlobalSection
EndGlobal
